
Microsoft Visual Studio Solution File, Format Version 12.00
# Visual Studio Version 16
VisualStudioVersion = 16.0.30204.135
MinimumVisualStudioVersion = 10.0.40219.1
Project("{2150E333-8FDC-42A3-9474-1A3956D46DE8}") = "src", "src", "{64F7C1F9-D352-41C8-A2A6-7BEBF39B65C5}"
EndProject
Project("{9A19103F-16F7-4668-BE54-9A1E7A4F7556}") = "BetterTravel.DataAccess.Abstractions", "src\BetterTravel.DataAccess.Abstractions\BetterTravel.DataAccess.Abstractions.csproj", "{EDC49CAA-8C5E-47C8-A336-094DA58292F2}"
EndProject
Project("{9A19103F-16F7-4668-BE54-9A1E7A4F7556}") = "BetterTravel.DataAccess.EF", "src\BetterTravel.DataAccess.EF\BetterTravel.DataAccess.EF.csproj", "{DCD7E53E-7B6F-483E-A416-4B6CB1FC415C}"
EndProject
Project("{9A19103F-16F7-4668-BE54-9A1E7A4F7556}") = "BetterTravel.Api", "src\BetterTravel.Api\BetterTravel.Api.csproj", "{5BB7B441-51DD-4C9A-AF9D-3CE266D913EC}"
EndProject
Project("{9A19103F-16F7-4668-BE54-9A1E7A4F7556}") = "BetterTravel.MediatR.Core", "src\BetterTravel.MediatR.Core\BetterTravel.MediatR.Core.csproj", "{8EB07336-1403-4773-99F4-628AD9FAD397}"
EndProject
Project("{9A19103F-16F7-4668-BE54-9A1E7A4F7556}") = "BetterTravel.Common", "src\BetterTravel.Common\BetterTravel.Common.csproj", "{F50B0256-65D2-46C5-9D57-1AFA6BFF6D5D}"
EndProject
Project("{9A19103F-16F7-4668-BE54-9A1E7A4F7556}") = "BetterTravel.Queries", "src\BetterTravel.Queries\BetterTravel.Queries.csproj", "{E53A25C8-2FD8-4967-9E4B-CB5344C6633A}"
EndProject
Project("{9A19103F-16F7-4668-BE54-9A1E7A4F7556}") = "docker-compose", "docker-compose.dcproj", "{7D9C1347-358B-44D1-8F8C-B5E94A4B2B47}"
EndProject
Project("{2150E333-8FDC-42A3-9474-1A3956D46DE8}") = "Repository Items", "Repository Items", "{AEAF1C50-64C5-4491-AD69-DC3239D4DC36}"
	ProjectSection(SolutionItems) = preProject
		icon.png = icon.png
		LICENSE = LICENSE
		README.md = README.md
	EndProjectSection
EndProject
Project("{2150E333-8FDC-42A3-9474-1A3956D46DE8}") = "Solution Items", "Solution Items", "{E4392829-4482-4E99-B9C6-0540A611AE5D}"
EndProject
Project("{9A19103F-16F7-4668-BE54-9A1E7A4F7556}") = "BetterTravel.DataAccess.Redis", "src\BetterTravel.DataAccess.Redis\BetterTravel.DataAccess.Redis.csproj", "{CE181910-1BCF-4093-994E-76200FA2257C}"
EndProject
Project("{9A19103F-16F7-4668-BE54-9A1E7A4F7556}") = "BetterTravel.Commands", "src\BetterTravel.Commands\BetterTravel.Commands.csproj", "{5B6B62F0-6507-4513-9CF3-EDD21E358DC7}"
EndProject
Project("{9A19103F-16F7-4668-BE54-9A1E7A4F7556}") = "BetterTravel.Application", "src\BetterTravel.Application\BetterTravel.Application.csproj", "{44E452FC-D6A4-40D4-A2E2-6653B1D216E0}"
EndProject
Project("{2150E333-8FDC-42A3-9474-1A3956D46DE8}") = "Domain", "Domain", "{89F88CDE-AD1A-4BEB-ACFC-BA6F34CA9B97}"
EndProject
Project("{9A19103F-16F7-4668-BE54-9A1E7A4F7556}") = "BetterTravel.Application.Services", "src\BetterTravel.Application.Services\BetterTravel.Application.Services.csproj", "{63ECE74F-7632-4711-9512-4BF47487F56A}"
EndProject
Project("{9A19103F-16F7-4668-BE54-9A1E7A4F7556}") = "BetterTravel.BlazorApp", "src\BetterTravel.WebApplication\BetterTravel.BlazorApp.csproj", "{AACE2188-C3E7-4211-9B6A-5AC3861EA60F}"
EndProject
Project("{FAE04EC0-301F-11D3-BF4B-00C04F79EFBC}") = "BetterTravel.BotApi", "src\BetterTravel.BotApi\BetterTravel.BotApi.csproj", "{57693661-01BD-4B29-A0B3-67E9C6CA0805}"
EndProject
Project("{2150E333-8FDC-42A3-9474-1A3956D46DE8}") = "Presentation", "Presentation", "{D97641BA-22F0-48F3-A143-95E2B4F255B9}"
EndProject
Global
	GlobalSection(SolutionConfigurationPlatforms) = preSolution
		Debug|Any CPU = Debug|Any CPU
		Release|Any CPU = Release|Any CPU
	EndGlobalSection
	GlobalSection(ProjectConfigurationPlatforms) = postSolution
		{EDC49CAA-8C5E-47C8-A336-094DA58292F2}.Debug|Any CPU.ActiveCfg = Debug|Any CPU
		{EDC49CAA-8C5E-47C8-A336-094DA58292F2}.Debug|Any CPU.Build.0 = Debug|Any CPU
		{EDC49CAA-8C5E-47C8-A336-094DA58292F2}.Release|Any CPU.ActiveCfg = Release|Any CPU
		{EDC49CAA-8C5E-47C8-A336-094DA58292F2}.Release|Any CPU.Build.0 = Release|Any CPU
		{DCD7E53E-7B6F-483E-A416-4B6CB1FC415C}.Debug|Any CPU.ActiveCfg = Debug|Any CPU
		{DCD7E53E-7B6F-483E-A416-4B6CB1FC415C}.Debug|Any CPU.Build.0 = Debug|Any CPU
		{DCD7E53E-7B6F-483E-A416-4B6CB1FC415C}.Release|Any CPU.ActiveCfg = Release|Any CPU
		{DCD7E53E-7B6F-483E-A416-4B6CB1FC415C}.Release|Any CPU.Build.0 = Release|Any CPU
		{5BB7B441-51DD-4C9A-AF9D-3CE266D913EC}.Debug|Any CPU.ActiveCfg = Debug|Any CPU
		{5BB7B441-51DD-4C9A-AF9D-3CE266D913EC}.Debug|Any CPU.Build.0 = Debug|Any CPU
		{5BB7B441-51DD-4C9A-AF9D-3CE266D913EC}.Release|Any CPU.ActiveCfg = Release|Any CPU
		{5BB7B441-51DD-4C9A-AF9D-3CE266D913EC}.Release|Any CPU.Build.0 = Release|Any CPU
		{8EB07336-1403-4773-99F4-628AD9FAD397}.Debug|Any CPU.ActiveCfg = Debug|Any CPU
		{8EB07336-1403-4773-99F4-628AD9FAD397}.Debug|Any CPU.Build.0 = Debug|Any CPU
		{8EB07336-1403-4773-99F4-628AD9FAD397}.Release|Any CPU.ActiveCfg = Release|Any CPU
		{8EB07336-1403-4773-99F4-628AD9FAD397}.Release|Any CPU.Build.0 = Release|Any CPU
		{F50B0256-65D2-46C5-9D57-1AFA6BFF6D5D}.Debug|Any CPU.ActiveCfg = Debug|Any CPU
		{F50B0256-65D2-46C5-9D57-1AFA6BFF6D5D}.Debug|Any CPU.Build.0 = Debug|Any CPU
		{F50B0256-65D2-46C5-9D57-1AFA6BFF6D5D}.Release|Any CPU.ActiveCfg = Release|Any CPU
		{F50B0256-65D2-46C5-9D57-1AFA6BFF6D5D}.Release|Any CPU.Build.0 = Release|Any CPU
		{E53A25C8-2FD8-4967-9E4B-CB5344C6633A}.Debug|Any CPU.ActiveCfg = Debug|Any CPU
		{E53A25C8-2FD8-4967-9E4B-CB5344C6633A}.Debug|Any CPU.Build.0 = Debug|Any CPU
		{E53A25C8-2FD8-4967-9E4B-CB5344C6633A}.Release|Any CPU.ActiveCfg = Release|Any CPU
		{E53A25C8-2FD8-4967-9E4B-CB5344C6633A}.Release|Any CPU.Build.0 = Release|Any CPU
		{7D9C1347-358B-44D1-8F8C-B5E94A4B2B47}.Debug|Any CPU.ActiveCfg = Debug|Any CPU
		{7D9C1347-358B-44D1-8F8C-B5E94A4B2B47}.Debug|Any CPU.Build.0 = Debug|Any CPU
		{7D9C1347-358B-44D1-8F8C-B5E94A4B2B47}.Release|Any CPU.ActiveCfg = Release|Any CPU
		{7D9C1347-358B-44D1-8F8C-B5E94A4B2B47}.Release|Any CPU.Build.0 = Release|Any CPU
		{CE181910-1BCF-4093-994E-76200FA2257C}.Debug|Any CPU.ActiveCfg = Debug|Any CPU
		{CE181910-1BCF-4093-994E-76200FA2257C}.Debug|Any CPU.Build.0 = Debug|Any CPU
		{CE181910-1BCF-4093-994E-76200FA2257C}.Release|Any CPU.ActiveCfg = Release|Any CPU
		{CE181910-1BCF-4093-994E-76200FA2257C}.Release|Any CPU.Build.0 = Release|Any CPU
		{5B6B62F0-6507-4513-9CF3-EDD21E358DC7}.Debug|Any CPU.ActiveCfg = Debug|Any CPU
		{5B6B62F0-6507-4513-9CF3-EDD21E358DC7}.Debug|Any CPU.Build.0 = Debug|Any CPU
		{5B6B62F0-6507-4513-9CF3-EDD21E358DC7}.Release|Any CPU.ActiveCfg = Release|Any CPU
		{5B6B62F0-6507-4513-9CF3-EDD21E358DC7}.Release|Any CPU.Build.0 = Release|Any CPU
		{44E452FC-D6A4-40D4-A2E2-6653B1D216E0}.Debug|Any CPU.ActiveCfg = Debug|Any CPU
		{44E452FC-D6A4-40D4-A2E2-6653B1D216E0}.Debug|Any CPU.Build.0 = Debug|Any CPU
		{44E452FC-D6A4-40D4-A2E2-6653B1D216E0}.Release|Any CPU.ActiveCfg = Release|Any CPU
		{44E452FC-D6A4-40D4-A2E2-6653B1D216E0}.Release|Any CPU.Build.0 = Release|Any CPU
		{63ECE74F-7632-4711-9512-4BF47487F56A}.Debug|Any CPU.ActiveCfg = Debug|Any CPU
		{63ECE74F-7632-4711-9512-4BF47487F56A}.Debug|Any CPU.Build.0 = Debug|Any CPU
		{63ECE74F-7632-4711-9512-4BF47487F56A}.Release|Any CPU.ActiveCfg = Release|Any CPU
		{63ECE74F-7632-4711-9512-4BF47487F56A}.Release|Any CPU.Build.0 = Release|Any CPU
		{AACE2188-C3E7-4211-9B6A-5AC3861EA60F}.Debug|Any CPU.ActiveCfg = Debug|Any CPU
		{AACE2188-C3E7-4211-9B6A-5AC3861EA60F}.Debug|Any CPU.Build.0 = Debug|Any CPU
		{AACE2188-C3E7-4211-9B6A-5AC3861EA60F}.Release|Any CPU.ActiveCfg = Release|Any CPU
		{AACE2188-C3E7-4211-9B6A-5AC3861EA60F}.Release|Any CPU.Build.0 = Release|Any CPU
		{57693661-01BD-4B29-A0B3-67E9C6CA0805}.Debug|Any CPU.ActiveCfg = Debug|Any CPU
		{57693661-01BD-4B29-A0B3-67E9C6CA0805}.Debug|Any CPU.Build.0 = Debug|Any CPU
		{57693661-01BD-4B29-A0B3-67E9C6CA0805}.Release|Any CPU.ActiveCfg = Release|Any CPU
		{57693661-01BD-4B29-A0B3-67E9C6CA0805}.Release|Any CPU.Build.0 = Release|Any CPU
	EndGlobalSection
	GlobalSection(SolutionProperties) = preSolution
		HideSolutionNode = FALSE
	EndGlobalSection
	GlobalSection(NestedProjects) = preSolution
		{EDC49CAA-8C5E-47C8-A336-094DA58292F2} = {89F88CDE-AD1A-4BEB-ACFC-BA6F34CA9B97}
		{DCD7E53E-7B6F-483E-A416-4B6CB1FC415C} = {89F88CDE-AD1A-4BEB-ACFC-BA6F34CA9B97}
		{5BB7B441-51DD-4C9A-AF9D-3CE266D913EC} = {D97641BA-22F0-48F3-A143-95E2B4F255B9}
		{8EB07336-1403-4773-99F4-628AD9FAD397} = {64F7C1F9-D352-41C8-A2A6-7BEBF39B65C5}
		{F50B0256-65D2-46C5-9D57-1AFA6BFF6D5D} = {64F7C1F9-D352-41C8-A2A6-7BEBF39B65C5}
		{E53A25C8-2FD8-4967-9E4B-CB5344C6633A} = {64F7C1F9-D352-41C8-A2A6-7BEBF39B65C5}
		{7D9C1347-358B-44D1-8F8C-B5E94A4B2B47} = {E4392829-4482-4E99-B9C6-0540A611AE5D}
		{CE181910-1BCF-4093-994E-76200FA2257C} = {89F88CDE-AD1A-4BEB-ACFC-BA6F34CA9B97}
		{5B6B62F0-6507-4513-9CF3-EDD21E358DC7} = {64F7C1F9-D352-41C8-A2A6-7BEBF39B65C5}
		{44E452FC-D6A4-40D4-A2E2-6653B1D216E0} = {64F7C1F9-D352-41C8-A2A6-7BEBF39B65C5}
		{89F88CDE-AD1A-4BEB-ACFC-BA6F34CA9B97} = {64F7C1F9-D352-41C8-A2A6-7BEBF39B65C5}
		{63ECE74F-7632-4711-9512-4BF47487F56A} = {64F7C1F9-D352-41C8-A2A6-7BEBF39B65C5}
		{AACE2188-C3E7-4211-9B6A-5AC3861EA60F} = {D97641BA-22F0-48F3-A143-95E2B4F255B9}
		{57693661-01BD-4B29-A0B3-67E9C6CA0805} = {D97641BA-22F0-48F3-A143-95E2B4F255B9}
		{D97641BA-22F0-48F3-A143-95E2B4F255B9} = {64F7C1F9-D352-41C8-A2A6-7BEBF39B65C5}
	EndGlobalSection
	GlobalSection(ExtensibilityGlobals) = postSolution
		SolutionGuid = {4B1F0DFD-6D6C-41E4-9CDA-131D374DD12A}
	EndGlobalSection
EndGlobal
