
Microsoft Visual Studio Solution File, Format Version 12.00
Project("{2150E333-8FDC-42A3-9474-1A3956D46DE8}") = "src", "src", "{996AAAC0-FB1A-4C3A-AE62-640D04718B03}"
EndProject
Project("{2150E333-8FDC-42A3-9474-1A3956D46DE8}") = "tests", "tests", "{64DD7BB8-9927-480A-8BBD-9D19C3D947A4}"
EndProject
Project("{2150E333-8FDC-42A3-9474-1A3956D46DE8}") = "Services", "Services", "{97ABB98E-CB40-4360-9181-E3511E4749C0}"
EndProject
Project("{2150E333-8FDC-42A3-9474-1A3956D46DE8}") = "Tours", "Tours", "{04FA60B7-796D-4517-BAA4-530E2A8A9AF7}"
EndProject
Project("{2150E333-8FDC-42A3-9474-1A3956D46DE8}") = "Building Blocks", "Building Blocks", "{3FD0FC4E-EF40-44B0-98A6-3DDD8454CBF8}"
EndProject
Project("{2150E333-8FDC-42A3-9474-1A3956D46DE8}") = "Exchange", "Exchange", "{0F5AC5B5-9DAF-4D63-905F-C94F7814C3AB}"
EndProject
Project("{F2A71F9B-5D33-465A-A702-920D77279786}") = "Exchange.API", "src\Services\Exchange\Exchange.API\Exchange.API.fsproj", "{8143B591-DA9F-4FAA-BC99-E4CDADC7BBA5}"
EndProject
Project("{F2A71F9B-5D33-465A-A702-920D77279786}") = "Tours.API", "src\Services\Tours\Tours.API\Tours.API.fsproj", "{7BFF3FB7-9CE1-4026-ACEB-2581342C48A7}"
EndProject
Project("{F2A71F9B-5D33-465A-A702-920D77279786}") = "HostExtensions.Customization", "src\BuildingBlocks\HostExtensions.Customization\HostExtensions.Customization.fsproj", "{6733C96C-4D10-4503-AF3E-944AA4B40857}"
EndProject
Global
	GlobalSection(SolutionConfigurationPlatforms) = preSolution
		Debug|Any CPU = Debug|Any CPU
		Release|Any CPU = Release|Any CPU
	EndGlobalSection
	GlobalSection(NestedProjects) = preSolution
		{97ABB98E-CB40-4360-9181-E3511E4749C0} = {996AAAC0-FB1A-4C3A-AE62-640D04718B03}
		{04FA60B7-796D-4517-BAA4-530E2A8A9AF7} = {97ABB98E-CB40-4360-9181-E3511E4749C0}
		{3FD0FC4E-EF40-44B0-98A6-3DDD8454CBF8} = {996AAAC0-FB1A-4C3A-AE62-640D04718B03}
		{0F5AC5B5-9DAF-4D63-905F-C94F7814C3AB} = {97ABB98E-CB40-4360-9181-E3511E4749C0}
		{8143B591-DA9F-4FAA-BC99-E4CDADC7BBA5} = {0F5AC5B5-9DAF-4D63-905F-C94F7814C3AB}
		{7BFF3FB7-9CE1-4026-ACEB-2581342C48A7} = {04FA60B7-796D-4517-BAA4-530E2A8A9AF7}
		{6733C96C-4D10-4503-AF3E-944AA4B40857} = {3FD0FC4E-EF40-44B0-98A6-3DDD8454CBF8}
	EndGlobalSection
	GlobalSection(ProjectConfigurationPlatforms) = postSolution
		{8143B591-DA9F-4FAA-BC99-E4CDADC7BBA5}.Debug|Any CPU.ActiveCfg = Debug|Any CPU
		{8143B591-DA9F-4FAA-BC99-E4CDADC7BBA5}.Debug|Any CPU.Build.0 = Debug|Any CPU
		{8143B591-DA9F-4FAA-BC99-E4CDADC7BBA5}.Release|Any CPU.ActiveCfg = Release|Any CPU
		{8143B591-DA9F-4FAA-BC99-E4CDADC7BBA5}.Release|Any CPU.Build.0 = Release|Any CPU
		{7BFF3FB7-9CE1-4026-ACEB-2581342C48A7}.Debug|Any CPU.ActiveCfg = Debug|Any CPU
		{7BFF3FB7-9CE1-4026-ACEB-2581342C48A7}.Debug|Any CPU.Build.0 = Debug|Any CPU
		{7BFF3FB7-9CE1-4026-ACEB-2581342C48A7}.Release|Any CPU.ActiveCfg = Release|Any CPU
		{7BFF3FB7-9CE1-4026-ACEB-2581342C48A7}.Release|Any CPU.Build.0 = Release|Any CPU
		{6733C96C-4D10-4503-AF3E-944AA4B40857}.Debug|Any CPU.ActiveCfg = Debug|Any CPU
		{6733C96C-4D10-4503-AF3E-944AA4B40857}.Debug|Any CPU.Build.0 = Debug|Any CPU
		{6733C96C-4D10-4503-AF3E-944AA4B40857}.Release|Any CPU.ActiveCfg = Release|Any CPU
		{6733C96C-4D10-4503-AF3E-944AA4B40857}.Release|Any CPU.Build.0 = Release|Any CPU
	EndGlobalSection
EndGlobal
