
Microsoft Visual Studio Solution File, Format Version 12.00
# Visual Studio Version 16
VisualStudioVersion = 16.0.30204.135
MinimumVisualStudioVersion = 10.0.40219.1
Project("{2150E333-8FDC-42A3-9474-1A3956D46DE8}") = "src", "src", "{64F7C1F9-D352-41C8-A2A6-7BEBF39B65C5}"
EndProject
Project("{9A19103F-16F7-4668-BE54-9A1E7A4F7556}") = "BetterTravel.Domain", "src\BetterTravel.Domain\BetterTravel.Domain.csproj", "{EDC49CAA-8C5E-47C8-A336-094DA58292F2}"
EndProject
Project("{9A19103F-16F7-4668-BE54-9A1E7A4F7556}") = "BetterTravel.DataAccess.EF", "src\BetterTravel.DataAccess.EF\BetterTravel.DataAccess.EF.csproj", "{DCD7E53E-7B6F-483E-A416-4B6CB1FC415C}"
EndProject
Project("{9A19103F-16F7-4668-BE54-9A1E7A4F7556}") = "BetterTravel.Api", "src\BetterTravel.Api\BetterTravel.Api.csproj", "{5BB7B441-51DD-4C9A-AF9D-3CE266D913EC}"
EndProject
Project("{9A19103F-16F7-4668-BE54-9A1E7A4F7556}") = "BetterTravel.MediatR.Core", "src\BetterTravel.MediatR.Core\BetterTravel.MediatR.Core.csproj", "{8EB07336-1403-4773-99F4-628AD9FAD397}"
EndProject
Project("{9A19103F-16F7-4668-BE54-9A1E7A4F7556}") = "BetterTravel.Common", "src\BetterTravel.Common\BetterTravel.Common.csproj", "{F50B0256-65D2-46C5-9D57-1AFA6BFF6D5D}"
EndProject
Project("{9A19103F-16F7-4668-BE54-9A1E7A4F7556}") = "BetterTravel.Queries", "src\BetterTravel.Queries\BetterTravel.Queries.csproj", "{E53A25C8-2FD8-4967-9E4B-CB5344C6633A}"
EndProject
Project("{9A19103F-16F7-4668-BE54-9A1E7A4F7556}") = "BetterTravel.Commands", "src\BetterTravel.Commands\BetterTravel.Commands.csproj", "{5C20065A-CA03-45EB-AA7C-CAC8F7AC092F}"
EndProject
Project("{9A19103F-16F7-4668-BE54-9A1E7A4F7556}") = "BetterTravel.Application", "src\BetterTravel.Application\BetterTravel.Application.csproj", "{AD5CC516-46FA-45CE-9693-2ADF9FE79B71}"
EndProject
Project("{9A19103F-16F7-4668-BE54-9A1E7A4F7556}") = "docker-compose", "docker-compose.dcproj", "{7D9C1347-358B-44D1-8F8C-B5E94A4B2B47}"
EndProject
Global
	GlobalSection(SolutionConfigurationPlatforms) = preSolution
		Debug|Any CPU = Debug|Any CPU
		Release|Any CPU = Release|Any CPU
	EndGlobalSection
	GlobalSection(ProjectConfigurationPlatforms) = postSolution
		{EDC49CAA-8C5E-47C8-A336-094DA58292F2}.Debug|Any CPU.ActiveCfg = Debug|Any CPU
		{EDC49CAA-8C5E-47C8-A336-094DA58292F2}.Debug|Any CPU.Build.0 = Debug|Any CPU
		{EDC49CAA-8C5E-47C8-A336-094DA58292F2}.Release|Any CPU.ActiveCfg = Release|Any CPU
		{EDC49CAA-8C5E-47C8-A336-094DA58292F2}.Release|Any CPU.Build.0 = Release|Any CPU
		{DCD7E53E-7B6F-483E-A416-4B6CB1FC415C}.Debug|Any CPU.ActiveCfg = Debug|Any CPU
		{DCD7E53E-7B6F-483E-A416-4B6CB1FC415C}.Debug|Any CPU.Build.0 = Debug|Any CPU
		{DCD7E53E-7B6F-483E-A416-4B6CB1FC415C}.Release|Any CPU.ActiveCfg = Release|Any CPU
		{DCD7E53E-7B6F-483E-A416-4B6CB1FC415C}.Release|Any CPU.Build.0 = Release|Any CPU
		{5BB7B441-51DD-4C9A-AF9D-3CE266D913EC}.Debug|Any CPU.ActiveCfg = Debug|Any CPU
		{5BB7B441-51DD-4C9A-AF9D-3CE266D913EC}.Debug|Any CPU.Build.0 = Debug|Any CPU
		{5BB7B441-51DD-4C9A-AF9D-3CE266D913EC}.Release|Any CPU.ActiveCfg = Release|Any CPU
		{5BB7B441-51DD-4C9A-AF9D-3CE266D913EC}.Release|Any CPU.Build.0 = Release|Any CPU
		{8EB07336-1403-4773-99F4-628AD9FAD397}.Debug|Any CPU.ActiveCfg = Debug|Any CPU
		{8EB07336-1403-4773-99F4-628AD9FAD397}.Debug|Any CPU.Build.0 = Debug|Any CPU
		{8EB07336-1403-4773-99F4-628AD9FAD397}.Release|Any CPU.ActiveCfg = Release|Any CPU
		{8EB07336-1403-4773-99F4-628AD9FAD397}.Release|Any CPU.Build.0 = Release|Any CPU
		{F50B0256-65D2-46C5-9D57-1AFA6BFF6D5D}.Debug|Any CPU.ActiveCfg = Debug|Any CPU
		{F50B0256-65D2-46C5-9D57-1AFA6BFF6D5D}.Debug|Any CPU.Build.0 = Debug|Any CPU
		{F50B0256-65D2-46C5-9D57-1AFA6BFF6D5D}.Release|Any CPU.ActiveCfg = Release|Any CPU
		{F50B0256-65D2-46C5-9D57-1AFA6BFF6D5D}.Release|Any CPU.Build.0 = Release|Any CPU
		{E53A25C8-2FD8-4967-9E4B-CB5344C6633A}.Debug|Any CPU.ActiveCfg = Debug|Any CPU
		{E53A25C8-2FD8-4967-9E4B-CB5344C6633A}.Debug|Any CPU.Build.0 = Debug|Any CPU
		{E53A25C8-2FD8-4967-9E4B-CB5344C6633A}.Release|Any CPU.ActiveCfg = Release|Any CPU
		{E53A25C8-2FD8-4967-9E4B-CB5344C6633A}.Release|Any CPU.Build.0 = Release|Any CPU
		{5C20065A-CA03-45EB-AA7C-CAC8F7AC092F}.Debug|Any CPU.ActiveCfg = Debug|Any CPU
		{5C20065A-CA03-45EB-AA7C-CAC8F7AC092F}.Debug|Any CPU.Build.0 = Debug|Any CPU
		{5C20065A-CA03-45EB-AA7C-CAC8F7AC092F}.Release|Any CPU.ActiveCfg = Release|Any CPU
		{5C20065A-CA03-45EB-AA7C-CAC8F7AC092F}.Release|Any CPU.Build.0 = Release|Any CPU
		{AD5CC516-46FA-45CE-9693-2ADF9FE79B71}.Debug|Any CPU.ActiveCfg = Debug|Any CPU
		{AD5CC516-46FA-45CE-9693-2ADF9FE79B71}.Debug|Any CPU.Build.0 = Debug|Any CPU
		{AD5CC516-46FA-45CE-9693-2ADF9FE79B71}.Release|Any CPU.ActiveCfg = Release|Any CPU
		{AD5CC516-46FA-45CE-9693-2ADF9FE79B71}.Release|Any CPU.Build.0 = Release|Any CPU
		{7D9C1347-358B-44D1-8F8C-B5E94A4B2B47}.Debug|Any CPU.ActiveCfg = Debug|Any CPU
		{7D9C1347-358B-44D1-8F8C-B5E94A4B2B47}.Debug|Any CPU.Build.0 = Debug|Any CPU
		{7D9C1347-358B-44D1-8F8C-B5E94A4B2B47}.Release|Any CPU.ActiveCfg = Release|Any CPU
		{7D9C1347-358B-44D1-8F8C-B5E94A4B2B47}.Release|Any CPU.Build.0 = Release|Any CPU
	EndGlobalSection
	GlobalSection(SolutionProperties) = preSolution
		HideSolutionNode = FALSE
	EndGlobalSection
	GlobalSection(NestedProjects) = preSolution
		{EDC49CAA-8C5E-47C8-A336-094DA58292F2} = {64F7C1F9-D352-41C8-A2A6-7BEBF39B65C5}
		{DCD7E53E-7B6F-483E-A416-4B6CB1FC415C} = {64F7C1F9-D352-41C8-A2A6-7BEBF39B65C5}
		{5BB7B441-51DD-4C9A-AF9D-3CE266D913EC} = {64F7C1F9-D352-41C8-A2A6-7BEBF39B65C5}
		{8EB07336-1403-4773-99F4-628AD9FAD397} = {64F7C1F9-D352-41C8-A2A6-7BEBF39B65C5}
		{F50B0256-65D2-46C5-9D57-1AFA6BFF6D5D} = {64F7C1F9-D352-41C8-A2A6-7BEBF39B65C5}
		{E53A25C8-2FD8-4967-9E4B-CB5344C6633A} = {64F7C1F9-D352-41C8-A2A6-7BEBF39B65C5}
		{5C20065A-CA03-45EB-AA7C-CAC8F7AC092F} = {64F7C1F9-D352-41C8-A2A6-7BEBF39B65C5}
		{AD5CC516-46FA-45CE-9693-2ADF9FE79B71} = {64F7C1F9-D352-41C8-A2A6-7BEBF39B65C5}
	EndGlobalSection
	GlobalSection(ExtensibilityGlobals) = postSolution
		SolutionGuid = {4B1F0DFD-6D6C-41E4-9CDA-131D374DD12A}
	EndGlobalSection
EndGlobal
